# THIS IS AN AUTOGENERATED FILE. DO NOT EDIT THIS FILE DIRECTLY.
# yarn lockfile v1


react-native-network-info@^5.2.1:
  version "5.2.1"
  resolved "https://registry.yarnpkg.com/react-native-network-info/-/react-native-network-info-5.2.1.tgz#b701f10d4ed1aeadcfe77b197328d1ae846f6d3a"
  integrity sha512-iam74xXtrSqqZurCl1/bSjZ9jXcsJY84g7brx1/4uVGCY26c6m+4CArHNSHOsz5ATg2NQT+81sjNy0KlCPyK4g==
